{
  "originHash" : "e66e3a925484e5b64863dcc7b4f4de1a5800820c6501b13845cdea4072e98fa4",
  "pins" : [
    {
      "identity" : "statsig-kit",
      "kind" : "remoteSourceControl",
      "location" : "https://github.com/statsig-io/statsig-kit.git",
      "state" : {
        "revision" : "fec1247f8d2fbd1ee11fcdf0d0f715c5b6c1934e",
        "version" : "1.55.1"
      }
    }
  ],
  "version" : 3
}
